// !$*UTF8*$!
{
	archiveVersion = 1;
	classes = {
	};
	objectVersion = 46;
	objects = {

/* Begin PBXBuildFile section */
		F6DB9A481AED004500F77872 /* AppDelegate.swift in Sources */ = {isa = PBXBuildFile; fileRef = F6DB9A471AED004500F77872 /* AppDelegate.swift */; };
		F6DB9A4A1AED004500F77872 /* Images.xcassets in Resources */ = {isa = PBXBuildFile; fileRef = F6DB9A491AED004500F77872 /* Images.xcassets */; };
		F6DB9A4D1AED004500F77872 /* MainMenu.xib in Resources */ = {isa = PBXBuildFile; fileRef = F6DB9A4B1AED004500F77872 /* MainMenu.xib */; };
		F6DB9A591AED004500F77872 /* PasswordGeneratorTests.swift in Sources */ = {isa = PBXBuildFile; fileRef = F6DB9A581AED004500F77872 /* PasswordGeneratorTests.swift */; };
/* End PBXBuildFile section */

/* Begin PBXContainerItemProxy section */
		F6DB9A531AED004500F77872 /* PBXContainerItemProxy */ = {
			isa = PBXContainerItemProxy;
			containerPortal = F6DB9A3A1AED004500F77872 /* Project object */;
			proxyType = 1;
			remoteGlobalIDString = F6DB9A411AED004500F77872;
			remoteInfo = PasswordGenerator;
		};
/* End PBXContainerItemProxy section */

/* Begin PBXFileReference section */
		F6DB9A421AED004500F77872 /* PasswordGenerator.app */ = {isa = PBXFileReference; explicitFileType = wrapper.application; includeInIndex = 0; path = PasswordGenerator.app; sourceTree = BUILT_PRODUCTS_DIR; };
		F6DB9A461AED004500F77872 /* Info.plist */ = {isa = PBXFileReference; lastKnownFileType = text.plist.xml; path = Info.plist; sourceTree = "<group>"; };
		F6DB9A471AED004500F77872 /* AppDelegate.swift */ = {isa = PBXFileReference; lastKnownFileType = sourcecode.swift; path = AppDelegate.swift; sourceTree = "<group>"; };
		F6DB9A491AED004500F77872 /* Images.xcassets */ = {isa = PBXFileReference; lastKnownFileType = folder.assetcatalog; path = Images.xcassets; sourceTree = "<group>"; };
		F6DB9A4C1AED004500F77872 /* Base */ = {isa = PBXFileReference; lastKnownFileType = file.xib; name = Base; path = Base.lproj/MainMenu.xib; sourceTree = "<group>"; };
		F6DB9A521AED004500F77872 /* PasswordGeneratorTests.xctest */ = {isa = PBXFileReference; explicitFileType = wrapper.cfbundle; includeInIndex = 0; path = PasswordGeneratorTests.xctest; sourceTree = BUILT_PRODUCTS_DIR; };
		F6DB9A571AED004500F77872 /* Info.plist */ = {isa = PBXFileReference; lastKnownFileType = text.plist.xml; path = Info.plist; sourceTree = "<group>"; };
		F6DB9A581AED004500F77872 /* PasswordGeneratorTests.swift */ = {isa = PBXFileReference; lastKnownFileType = sourcecode.swift; path = PasswordGeneratorTests.swift; sourceTree = "<group>"; };
/* End PBXFileReference section */

/* Begin PBXFrameworksBuildPhase section */
		F6DB9A3F1AED004500F77872 /* Frameworks */ = {
			isa = PBXFrameworksBuildPhase;
			buildActionMask = 2147483647;
			files = (
			);
			runOnlyForDeploymentPostprocessing = 0;
		};
		F6DB9A4F1AED004500F77872 /* Frameworks */ = {
			isa = PBXFrameworksBuildPhase;
			buildActionMask = 2147483647;
			files = (
			);
			runOnlyForDeploymentPostprocessing = 0;
		};
/* End PBXFrameworksBuildPhase section */

/* Begin PBXGroup section */
		F6DB9A391AED004500F77872 = {
			isa = PBXGroup;
			children = (
				F6DB9A441AED004500F77872 /* PasswordGenerator */,
				F6DB9A551AED004500F77872 /* PasswordGeneratorTests */,
				F6DB9A431AED004500F77872 /* Products */,
			);
			sourceTree = "<group>";
		};
		F6DB9A431AED004500F77872 /* Products */ = {
			isa = PBXGroup;
			children = (
				F6DB9A421AED004500F77872 /* PasswordGenerator.app */,
				F6DB9A521AED004500F77872 /* PasswordGeneratorTests.xctest */,
			);
			name = Products;
			sourceTree = "<group>";
		};
		F6DB9A441AED004500F77872 /* PasswordGenerator */ = {
			isa = PBXGroup;
			children = (
				F6DB9A471AED004500F77872 /* AppDelegate.swift */,
				F6DB9A491AED004500F77872 /* Images.xcassets */,
				F6DB9A4B1AED004500F77872 /* MainMenu.xib */,
				F6DB9A451AED004500F77872 /* Supporting Files */,
			);
			path = PasswordGenerator;
			sourceTree = "<group>";
		};
		F6DB9A451AED004500F77872 /* Supporting Files */ = {
			isa = PBXGroup;
			children = (
				F6DB9A461AED004500F77872 /* Info.plist */,
			);
			name = "Supporting Files";
			sourceTree = "<group>";
		};
		F6DB9A551AED004500F77872 /* PasswordGeneratorTests */ = {
			isa = PBXGroup;
			children = (
				F6DB9A581AED004500F77872 /* PasswordGeneratorTests.swift */,
				F6DB9A561AED004500F77872 /* Supporting Files */,
			);
			path = PasswordGeneratorTests;
			sourceTree = "<group>";
		};
		F6DB9A561AED004500F77872 /* Supporting Files */ = {
			isa = PBXGroup;
			children = (
				F6DB9A571AED004500F77872 /* Info.plist */,
			);
			name = "Supporting Files";
			sourceTree = "<group>";
		};
/* End PBXGroup section */

/* Begin PBXNativeTarget section */
		F6DB9A411AED004500F77872 /* PasswordGenerator */ = {
			isa = PBXNativeTarget;
			buildConfigurationList = F6DB9A5C1AED004500F77872 /* Build configuration list for PBXNativeTarget "PasswordGenerator" */;
			buildPhases = (
				F6DB9A3E1AED004500F77872 /* Sources */,
				F6DB9A3F1AED004500F77872 /* Frameworks */,
				F6DB9A401AED004500F77872 /* Resources */,
			);
			buildRules = (
			);
			dependencies = (
			);
			name = PasswordGenerator;
			productName = PasswordGenerator;
			productReference = F6DB9A421AED004500F77872 /* PasswordGenerator.app */;
			productType = "com.apple.product-type.application";
		};
		F6DB9A511AED004500F77872 /* PasswordGeneratorTests */ = {
			isa = PBXNativeTarget;
			buildConfigurationList = F6DB9A5F1AED004500F77872 /* Build configuration list for PBXNativeTarget "PasswordGeneratorTests" */;
			buildPhases = (
				F6DB9A4E1AED004500F77872 /* Sources */,
				F6DB9A4F1AED004500F77872 /* Frameworks */,
				F6DB9A501AED004500F77872 /* Resources */,
			);
			buildRules = (
			);
			dependencies = (
				F6DB9A541AED004500F77872 /* PBXTargetDependency */,
			);
			name = PasswordGeneratorTests;
			productName = PasswordGeneratorTests;
			productReference = F6DB9A521AED004500F77872 /* PasswordGeneratorTests.xctest */;
			productType = "com.apple.product-type.bundle.unit-test";
		};
/* End PBXNativeTarget section */

/* Begin PBXProject section */
		F6DB9A3A1AED004500F77872 /* Project object */ = {
			isa = PBXProject;
			attributes = {
				LastUpgradeCheck = 0630;
				ORGANIZATIONNAME = "Ramon Gilabert";
				TargetAttributes = {
					F6DB9A411AED004500F77872 = {
						CreatedOnToolsVersion = 6.3.1;
					};
					F6DB9A511AED004500F77872 = {
						CreatedOnToolsVersion = 6.3.1;
						TestTargetID = F6DB9A411AED004500F77872;
					};
				};
			};
			buildConfigurationList = F6DB9A3D1AED004500F77872 /* Build configuration list for PBXProject "PasswordGenerator" */;
			compatibilityVersion = "Xcode 3.2";
			developmentRegion = English;
			hasScannedForEncodings = 0;
			knownRegions = (
				en,
				Base,
			);
			mainGroup = F6DB9A391AED004500F77872;
			productRefGroup = F6DB9A431AED004500F77872 /* Products */;
			projectDirPath = "";
			projectRoot = "";
			targets = (
				F6DB9A411AED004500F77872 /* PasswordGenerator */,
				F6DB9A511AED004500F77872 /* PasswordGeneratorTests */,
			);
		};
/* End PBXProject section */

/* Begin PBXResourcesBuildPhase section */
		F6DB9A401AED004500F77872 /* Resources */ = {
			isa = PBXResourcesBuildPhase;
			buildActionMask = 2147483647;
			files = (
				F6DB9A4A1AED004500F77872 /* Images.xcassets in Resources */,
				F6DB9A4D1AED004500F77872 /* MainMenu.xib in Resources */,
			);
			runOnlyForDeploymentPostprocessing = 0;
		};
		F6DB9A501AED004500F77872 /* Resources */ = {
			isa = PBXResourcesBuildPhase;
			buildActionMask = 2147483647;
			files = (
			);
			runOnlyForDeploymentPostprocessing = 0;
		};
/* End PBXResourcesBuildPhase section */

/* Begin PBXSourcesBuildPhase section */
		F6DB9A3E1AED004500F77872 /* Sources */ = {
			isa = PBXSourcesBuildPhase;
			buildActionMask = 2147483647;
			files = (
				F6DB9A481AED004500F77872 /* AppDelegate.swift in Sources */,
			);
			runOnlyForDeploymentPostprocessing = 0;
		};
		F6DB9A4E1AED004500F77872 /* Sources */ = {
			isa = PBXSourcesBuildPhase;
			buildActionMask = 2147483647;
			files = (
				F6DB9A591AED004500F77872 /* PasswordGeneratorTests.swift in Sources */,
			);
			runOnlyForDeploymentPostprocessing = 0;
		};
/* End PBXSourcesBuildPhase section */

/* Begin PBXTargetDependency section */
		F6DB9A541AED004500F77872 /* PBXTargetDependency */ = {
			isa = PBXTargetDependency;
			target = F6DB9A411AED004500F77872 /* PasswordGenerator */;
			targetProxy = F6DB9A531AED004500F77872 /* PBXContainerItemProxy */;
		};
/* End PBXTargetDependency section */

/* Begin PBXVariantGroup section */
		F6DB9A4B1AED004500F77872 /* MainMenu.xib */ = {
			isa = PBXVariantGroup;
			children = (
				F6DB9A4C1AED004500F77872 /* Base */,
			);
			name = MainMenu.xib;
			sourceTree = "<group>";
		};
/* End PBXVariantGroup section */

/* Begin XCBuildConfiguration section */
		F6DB9A5A1AED004500F77872 /* Debug */ = {
			isa = XCBuildConfiguration;
			buildSettings = {
				ALWAYS_SEARCH_USER_PATHS = NO;
				CLANG_CXX_LANGUAGE_STANDARD = "gnu++0x";
				CLANG_CXX_LIBRARY = "libc++";
				CLANG_ENABLE_MODULES = YES;
				CLANG_ENABLE_OBJC_ARC = YES;
				CLANG_WARN_BOOL_CONVERSION = YES;
				CLANG_WARN_CONSTANT_CONVERSION = YES;
				CLANG_WARN_DIRECT_OBJC_ISA_USAGE = YES_ERROR;
				CLANG_WARN_EMPTY_BODY = YES;
				CLANG_WARN_ENUM_CONVERSION = YES;
				CLANG_WARN_INT_CONVERSION = YES;
				CLANG_WARN_OBJC_ROOT_CLASS = YES_ERROR;
				CLANG_WARN_UNREACHABLE_CODE = YES;
				CLANG_WARN__DUPLICATE_METHOD_MATCH = YES;
				CODE_SIGN_IDENTITY = "-";
				COPY_PHASE_STRIP = NO;
				DEBUG_INFORMATION_FORMAT = dwarf;
				ENABLE_STRICT_OBJC_MSGSEND = YES;
				GCC_C_LANGUAGE_STANDARD = gnu99;
				GCC_DYNAMIC_NO_PIC = NO;
				GCC_NO_COMMON_BLOCKS = YES;
				GCC_OPTIMIZATION_LEVEL = 0;
				GCC_PREPROCESSOR_DEFINITIONS = (
					"DEBUG=1",
					"$(inherited)",
				);
				GCC_SYMBOLS_PRIVATE_EXTERN = NO;
				GCC_WARN_64_TO_32_BIT_CONVERSION = YES;
				GCC_WARN_ABOUT_RETURN_TYPE = YES_ERROR;
				GCC_WARN_UNDECLARED_SELECTOR = YES;
				GCC_WARN_UNINITIALIZED_AUTOS = YES_AGGRESSIVE;
				GCC_WARN_UNUSED_FUNCTION = YES;
				GCC_WARN_UNUSED_VARIABLE = YES;
				MACOSX_DEPLOYMENT_TARGET = 10.10;
				MTL_ENABLE_DEBUG_INFO = YES;
				ONLY_ACTIVE_ARCH = YES;
				SDKROOT = macosx;
				SWIFT_OPTIMIZATION_LEVEL = "-Onone";
			};
			name = Debug;
		};
		F6DB9A5B1AED004500F77872 /* Release */ = {
			isa = XCBuildConfiguration;
			buildSettings = {
				ALWAYS_SEARCH_USER_PATHS = NO;
				CLANG_CXX_LANGUAGE_STANDARD = "gnu++0x";
				CLANG_CXX_LIBRARY = "libc++";
				CLANG_ENABLE_MODULES = YES;
				CLANG_ENABLE_OBJC_ARC = YES;
				CLANG_WARN_BOOL_CONVERSION = YES;
				CLANG_WARN_CONSTANT_CONVERSION = YES;
				CLANG_WARN_DIRECT_OBJC_ISA_USAGE = YES_ERROR;
				CLANG_WARN_EMPTY_BODY = YES;
				CLANG_WARN_ENUM_CONVERSION = YES;
				CLANG_WARN_INT_CONVERSION = YES;
				CLANG_WARN_OBJC_ROOT_CLASS = YES_ERROR;
				CLANG_WARN_UNREACHABLE_CODE = YES;
				CLANG_WARN__DUPLICATE_METHOD_MATCH = YES;
				CODE_SIGN_IDENTITY = "-";
				COPY_PHASE_STRIP = NO;
				DEBUG_INFORMATION_FORMAT = "dwarf-with-dsym";
				ENABLE_NS_ASSERTIONS = NO;
				ENABLE_STRICT_OBJC_MSGSEND = YES;
				GCC_C_LANGUAGE_STANDARD = gnu99;
				GCC_NO_COMMON_BLOCKS = YES;
				GCC_WARN_64_TO_32_BIT_CONVERSION = YES;
				GCC_WARN_ABOUT_RETURN_TYPE = YES_ERROR;
				GCC_WARN_UNDECLARED_SELECTOR = YES;
				GCC_WARN_UNINITIALIZED_AUTOS = YES_AGGRESSIVE;
				GCC_WARN_UNUSED_FUNCTION = YES;
				GCC_WARN_UNUSED_VARIABLE = YES;
				MACOSX_DEPLOYMENT_TARGET = 10.10;
				MTL_ENABLE_DEBUG_INFO = NO;
				SDKROOT = macosx;
			};
			name = Release;
		};
		F6DB9A5D1AED004500F77872 /* Debug */ = {
			isa = XCBuildConfiguration;
			buildSettings = {
				ASSETCATALOG_COMPILER_APPICON_NAME = AppIcon;
				COMBINE_HIDPI_IMAGES = YES;
				INFOPLIST_FILE = PasswordGenerator/Info.plist;
				LD_RUNPATH_SEARCH_PATHS = "$(inherited) @executable_path/../Frameworks";
				PRODUCT_NAME = "$(TARGET_NAME)";
			};
			name = Debug;
		};
		F6DB9A5E1AED004500F77872 /* Release */ = {
			isa = XCBuildConfiguration;
			buildSettings = {
				ASSETCATALOG_COMPILER_APPICON_NAME = AppIcon;
				COMBINE_HIDPI_IMAGES = YES;
				INFOPLIST_FILE = PasswordGenerator/Info.plist;
				LD_RUNPATH_SEARCH_PATHS = "$(inherited) @executable_path/../Frameworks";
				PRODUCT_NAME = "$(TARGET_NAME)";
			};
			name = Release;
		};
		F6DB9A601AED004500F77872 /* Debug */ = {
			isa = XCBuildConfiguration;
			buildSettings = {
				BUNDLE_LOADER = "$(TEST_HOST)";
				COMBINE_HIDPI_IMAGES = YES;
				FRAMEWORK_SEARCH_PATHS = (
					"$(DEVELOPER_FRAMEWORKS_DIR)",
					"$(inherited)",
				);
				GCC_PREPROCESSOR_DEFINITIONS = (
					"DEBUG=1",
					"$(inherited)",
				);
				INFOPLIST_FILE = PasswordGeneratorTests/Info.plist;
				LD_RUNPATH_SEARCH_PATHS = "$(inherited) @executable_path/../Frameworks @loader_path/../Frameworks";
				PRODUCT_NAME = "$(TARGET_NAME)";
				TEST_HOST = "$(BUILT_PRODUCTS_DIR)/PasswordGenerator.app/Contents/MacOS/PasswordGenerator";
			};
			name = Debug;
		};
		F6DB9A611AED004500F77872 /* Release */ = {
			isa = XCBuildConfiguration;
			buildSettings = {
				BUNDLE_LOADER = "$(TEST_HOST)";
				COMBINE_HIDPI_IMAGES = YES;
				FRAMEWORK_SEARCH_PATHS = (
					"$(DEVELOPER_FRAMEWORKS_DIR)",
					"$(inherited)",
				);
				INFOPLIST_FILE = PasswordGeneratorTests/Info.plist;
				LD_RUNPATH_SEARCH_PATHS = "$(inherited) @executable_path/../Frameworks @loader_path/../Frameworks";
				PRODUCT_NAME = "$(TARGET_NAME)";
				TEST_HOST = "$(BUILT_PRODUCTS_DIR)/PasswordGenerator.app/Contents/MacOS/PasswordGenerator";
			};
			name = Release;
		};
/* End XCBuildConfiguration section */

/* Begin XCConfigurationList section */
		F6DB9A3D1AED004500F77872 /* Build configuration list for PBXProject "PasswordGenerator" */ = {
			isa = XCConfigurationList;
			buildConfigurations = (
				F6DB9A5A1AED004500F77872 /* Debug */,
				F6DB9A5B1AED004500F77872 /* Release */,
			);
			defaultConfigurationIsVisible = 0;
			defaultConfigurationName = Release;
		};
		F6DB9A5C1AED004500F77872 /* Build configuration list for PBXNativeTarget "PasswordGenerator" */ = {
			isa = XCConfigurationList;
			buildConfigurations = (
				F6DB9A5D1AED004500F77872 /* Debug */,
				F6DB9A5E1AED004500F77872 /* Release */,
			);
			defaultConfigurationIsVisible = 0;
		};
		F6DB9A5F1AED004500F77872 /* Build configuration list for PBXNativeTarget "PasswordGeneratorTests" */ = {
			isa = XCConfigurationList;
			buildConfigurations = (
				F6DB9A601AED004500F77872 /* Debug */,
				F6DB9A611AED004500F77872 /* Release */,
			);
			defaultConfigurationIsVisible = 0;
		};
/* End XCConfigurationList section */
	};
	rootObject = F6DB9A3A1AED004500F77872 /* Project object */;
}
